
Microsoft Visual Studio Solution File, Format Version 12.00
# Visual Studio Version 17
VisualStudioVersion = 17.9.34902.65
MinimumVisualStudioVersion = 10.0.40219.1
Project("{FAE04EC0-301F-11D3-BF4B-00C04F79EFBC}") = "2025 Advent of Code", "2025 Advent of Code.csproj", "{52707F05-99D0-4F32-9A5C-40E3F564A8D5}"
EndProject
Global
	GlobalSection(SolutionConfigurationPlatforms) = preSolution
		Debug|Any CPU = Debug|Any CPU
		Release|Any CPU = Release|Any CPU
	EndGlobalSection
	GlobalSection(ProjectConfigurationPlatforms) = postSolution
		{52707F05-99D0-4F32-9A5C-40E3F564A8D5}.Debug|Any CPU.ActiveCfg = Debug|Any CPU
		{52707F05-99D0-4F32-9A5C-40E3F564A8D5}.Debug|Any CPU.Build.0 = Debug|Any CPU
		{52707F05-99D0-4F32-9A5C-40E3F564A8D5}.Release|Any CPU.ActiveCfg = Release|Any CPU
		{52707F05-99D0-4F32-9A5C-40E3F564A8D5}.Release|Any CPU.Build.0 = Release|Any CPU
	EndGlobalSection
	GlobalSection(SolutionProperties) = preSolution
		HideSolutionNode = FALSE
	EndGlobalSection
	GlobalSection(ExtensibilityGlobals) = postSolution
		SolutionGuid = {1768CF12-7691-46FF-92D4-3151DC8337BF}
	EndGlobalSection
EndGlobal
